
Microsoft Visual Studio Solution File, Format Version 12.00
# Visual Studio 2013
VisualStudioVersion = 12.0.21005.1
MinimumVisualStudioVersion = 10.0.40219.1
Project("{FAE04EC0-301F-11D3-BF4B-00C04F79EFBC}") = "_01_", "_01_\_01_.csproj", "{B3A5BA20-EBE4-410B-B523-1C45F9D02B09}"
EndProject
Project("{FAE04EC0-301F-11D3-BF4B-00C04F79EFBC}") = "_02_", "_02_\_02_.csproj", "{49F40F7F-9314-4430-8664-EA2841516C83}"
EndProject
Project("{FAE04EC0-301F-11D3-BF4B-00C04F79EFBC}") = "_03_", "_03_\_03_.csproj", "{EAE3F143-A058-4C9B-BF0D-2BDE27BA1F46}"
EndProject
Project("{FAE04EC0-301F-11D3-BF4B-00C04F79EFBC}") = "_04_2", "_04_\_04_2.csproj", "{AD249C05-AE0A-48FF-8A0B-7EFE038F5793}"
EndProject
Project("{FAE04EC0-301F-11D3-BF4B-00C04F79EFBC}") = "_04_", "..\_201404exam\_04_\_04_.csproj", "{1369C2A3-6FA9-422B-B2B8-E8652BE9CAAF}"
EndProject
Project("{FAE04EC0-301F-11D3-BF4B-00C04F79EFBC}") = "_05_", "..\_201404exam\_05_\_05_.csproj", "{2550BDAF-A8AD-4D6A-949F-92A389E67289}"
EndProject
Project("{FAE04EC0-301F-11D3-BF4B-00C04F79EFBC}") = "_05_2", "_05_2\_05_2.csproj", "{6E27FE0C-922D-40B5-801B-BF320B94C2A2}"
EndProject
Global
	GlobalSection(SolutionConfigurationPlatforms) = preSolution
		Debug|Any CPU = Debug|Any CPU
		Release|Any CPU = Release|Any CPU
	EndGlobalSection
	GlobalSection(ProjectConfigurationPlatforms) = postSolution
		{B3A5BA20-EBE4-410B-B523-1C45F9D02B09}.Debug|Any CPU.ActiveCfg = Debug|Any CPU
		{B3A5BA20-EBE4-410B-B523-1C45F9D02B09}.Debug|Any CPU.Build.0 = Debug|Any CPU
		{B3A5BA20-EBE4-410B-B523-1C45F9D02B09}.Release|Any CPU.ActiveCfg = Release|Any CPU
		{B3A5BA20-EBE4-410B-B523-1C45F9D02B09}.Release|Any CPU.Build.0 = Release|Any CPU
		{49F40F7F-9314-4430-8664-EA2841516C83}.Debug|Any CPU.ActiveCfg = Debug|Any CPU
		{49F40F7F-9314-4430-8664-EA2841516C83}.Debug|Any CPU.Build.0 = Debug|Any CPU
		{49F40F7F-9314-4430-8664-EA2841516C83}.Release|Any CPU.ActiveCfg = Release|Any CPU
		{49F40F7F-9314-4430-8664-EA2841516C83}.Release|Any CPU.Build.0 = Release|Any CPU
		{EAE3F143-A058-4C9B-BF0D-2BDE27BA1F46}.Debug|Any CPU.ActiveCfg = Debug|Any CPU
		{EAE3F143-A058-4C9B-BF0D-2BDE27BA1F46}.Debug|Any CPU.Build.0 = Debug|Any CPU
		{EAE3F143-A058-4C9B-BF0D-2BDE27BA1F46}.Release|Any CPU.ActiveCfg = Release|Any CPU
		{EAE3F143-A058-4C9B-BF0D-2BDE27BA1F46}.Release|Any CPU.Build.0 = Release|Any CPU
		{AD249C05-AE0A-48FF-8A0B-7EFE038F5793}.Debug|Any CPU.ActiveCfg = Debug|Any CPU
		{AD249C05-AE0A-48FF-8A0B-7EFE038F5793}.Debug|Any CPU.Build.0 = Debug|Any CPU
		{AD249C05-AE0A-48FF-8A0B-7EFE038F5793}.Release|Any CPU.ActiveCfg = Release|Any CPU
		{AD249C05-AE0A-48FF-8A0B-7EFE038F5793}.Release|Any CPU.Build.0 = Release|Any CPU
		{1369C2A3-6FA9-422B-B2B8-E8652BE9CAAF}.Debug|Any CPU.ActiveCfg = Debug|Any CPU
		{1369C2A3-6FA9-422B-B2B8-E8652BE9CAAF}.Debug|Any CPU.Build.0 = Debug|Any CPU
		{1369C2A3-6FA9-422B-B2B8-E8652BE9CAAF}.Release|Any CPU.ActiveCfg = Release|Any CPU
		{1369C2A3-6FA9-422B-B2B8-E8652BE9CAAF}.Release|Any CPU.Build.0 = Release|Any CPU
		{2550BDAF-A8AD-4D6A-949F-92A389E67289}.Debug|Any CPU.ActiveCfg = Debug|Any CPU
		{2550BDAF-A8AD-4D6A-949F-92A389E67289}.Debug|Any CPU.Build.0 = Debug|Any CPU
		{2550BDAF-A8AD-4D6A-949F-92A389E67289}.Release|Any CPU.ActiveCfg = Release|Any CPU
		{2550BDAF-A8AD-4D6A-949F-92A389E67289}.Release|Any CPU.Build.0 = Release|Any CPU
		{6E27FE0C-922D-40B5-801B-BF320B94C2A2}.Debug|Any CPU.ActiveCfg = Debug|Any CPU
		{6E27FE0C-922D-40B5-801B-BF320B94C2A2}.Debug|Any CPU.Build.0 = Debug|Any CPU
		{6E27FE0C-922D-40B5-801B-BF320B94C2A2}.Release|Any CPU.ActiveCfg = Release|Any CPU
		{6E27FE0C-922D-40B5-801B-BF320B94C2A2}.Release|Any CPU.Build.0 = Release|Any CPU
	EndGlobalSection
	GlobalSection(SolutionProperties) = preSolution
		HideSolutionNode = FALSE
	EndGlobalSection
EndGlobal
